// !$*UTF8*$!
{
	archiveVersion = 1;
	classes = {
	};
	objectVersion = 46;
	objects = {

/* Begin PBXBuildFile section */
		AA8FCEC61CB3B2F500691710 /* MetalTexture.swift in Sources */ = {isa = PBXBuildFile; fileRef = AA8FCEC51CB3B2F500691710 /* MetalTexture.swift */; };
		AA8FCEC81CB3B3DB00691710 /* wall.jpg in Resources */ = {isa = PBXBuildFile; fileRef = AA8FCEC71CB3B3DB00691710 /* wall.jpg */; };
		AAB5EF751CAFA571006252A9 /* AppDelegate.swift in Sources */ = {isa = PBXBuildFile; fileRef = AAB5EF741CAFA571006252A9 /* AppDelegate.swift */; };
		AAB5EF771CAFA571006252A9 /* GameViewController.swift in Sources */ = {isa = PBXBuildFile; fileRef = AAB5EF761CAFA571006252A9 /* GameViewController.swift */; };
		AAB5EF791CAFA571006252A9 /* Shaders.metal in Sources */ = {isa = PBXBuildFile; fileRef = AAB5EF781CAFA571006252A9 /* Shaders.metal */; };
		AAB5EF7B1CAFA571006252A9 /* Assets.xcassets in Resources */ = {isa = PBXBuildFile; fileRef = AAB5EF7A1CAFA571006252A9 /* Assets.xcassets */; };
		AAB5EF7E1CAFA571006252A9 /* MainMenu.xib in Resources */ = {isa = PBXBuildFile; fileRef = AAB5EF7C1CAFA571006252A9 /* MainMenu.xib */; };
		AAB5EF861CAFAD77006252A9 /* SoftRenderer.swift in Sources */ = {isa = PBXBuildFile; fileRef = AAB5EF851CAFAD77006252A9 /* SoftRenderer.swift */; };
		AAB5EF8A1CAFAE3B006252A9 /* Vertex.swift in Sources */ = {isa = PBXBuildFile; fileRef = AAB5EF891CAFAE3B006252A9 /* Vertex.swift */; };
		AAB5EF8C1CB02AA6006252A9 /* Utils.swift in Sources */ = {isa = PBXBuildFile; fileRef = AAB5EF8B1CB02AA6006252A9 /* Utils.swift */; };
		AAD03E881CB3F5AB006F5D2E /* GameView.swift in Sources */ = {isa = PBXBuildFile; fileRef = AAD03E871CB3F5AB006F5D2E /* GameView.swift */; };
		AAFF58181CB64BBC00E8DDF7 /* AudioPlayer.swift in Sources */ = {isa = PBXBuildFile; fileRef = AAFF58171CB64BBC00E8DDF7 /* AudioPlayer.swift */; };
		AAFF58201CB6550600E8DDF7 /* bg.mp3 in Resources */ = {isa = PBXBuildFile; fileRef = AAFF581D1CB6550600E8DDF7 /* bg.mp3 */; };
		AAFF58211CB6550600E8DDF7 /* explosion1.mp3 in Resources */ = {isa = PBXBuildFile; fileRef = AAFF581E1CB6550600E8DDF7 /* explosion1.mp3 */; };
		AAFF58221CB6550600E8DDF7 /* shocker.mp3 in Resources */ = {isa = PBXBuildFile; fileRef = AAFF581F1CB6550600E8DDF7 /* shocker.mp3 */; };
		AAFF58241CB6626C00E8DDF7 /* RenderWindow.swift in Sources */ = {isa = PBXBuildFile; fileRef = AAFF58231CB6626C00E8DDF7 /* RenderWindow.swift */; };
/* End PBXBuildFile section */

/* Begin PBXFileReference section */
		AA8FCEC51CB3B2F500691710 /* MetalTexture.swift */ = {isa = PBXFileReference; fileEncoding = 4; lastKnownFileType = sourcecode.swift; path = MetalTexture.swift; sourceTree = "<group>"; };
		AA8FCEC71CB3B3DB00691710 /* wall.jpg */ = {isa = PBXFileReference; lastKnownFileType = image.jpeg; path = wall.jpg; sourceTree = "<group>"; };
		AAB5EF711CAFA571006252A9 /* SoftRenderer.app */ = {isa = PBXFileReference; explicitFileType = wrapper.application; includeInIndex = 0; path = SoftRenderer.app; sourceTree = BUILT_PRODUCTS_DIR; };
		AAB5EF741CAFA571006252A9 /* AppDelegate.swift */ = {isa = PBXFileReference; lastKnownFileType = sourcecode.swift; path = AppDelegate.swift; sourceTree = "<group>"; };
		AAB5EF761CAFA571006252A9 /* GameViewController.swift */ = {isa = PBXFileReference; lastKnownFileType = sourcecode.swift; path = GameViewController.swift; sourceTree = "<group>"; };
		AAB5EF781CAFA571006252A9 /* Shaders.metal */ = {isa = PBXFileReference; lastKnownFileType = sourcecode.metal; path = Shaders.metal; sourceTree = "<group>"; };
		AAB5EF7A1CAFA571006252A9 /* Assets.xcassets */ = {isa = PBXFileReference; lastKnownFileType = folder.assetcatalog; path = Assets.xcassets; sourceTree = "<group>"; };
		AAB5EF7D1CAFA571006252A9 /* Base */ = {isa = PBXFileReference; lastKnownFileType = file.xib; name = Base; path = Base.lproj/MainMenu.xib; sourceTree = "<group>"; };
		AAB5EF7F1CAFA571006252A9 /* Info.plist */ = {isa = PBXFileReference; lastKnownFileType = text.plist.xml; path = Info.plist; sourceTree = "<group>"; };
		AAB5EF851CAFAD77006252A9 /* SoftRenderer.swift */ = {isa = PBXFileReference; fileEncoding = 4; lastKnownFileType = sourcecode.swift; path = SoftRenderer.swift; sourceTree = "<group>"; };
		AAB5EF891CAFAE3B006252A9 /* Vertex.swift */ = {isa = PBXFileReference; fileEncoding = 4; lastKnownFileType = sourcecode.swift; path = Vertex.swift; sourceTree = "<group>"; };
		AAB5EF8B1CB02AA6006252A9 /* Utils.swift */ = {isa = PBXFileReference; fileEncoding = 4; lastKnownFileType = sourcecode.swift; path = Utils.swift; sourceTree = "<group>"; };
		AAD03E871CB3F5AB006F5D2E /* GameView.swift */ = {isa = PBXFileReference; fileEncoding = 4; lastKnownFileType = sourcecode.swift; path = GameView.swift; sourceTree = "<group>"; };
		AAFF58171CB64BBC00E8DDF7 /* AudioPlayer.swift */ = {isa = PBXFileReference; fileEncoding = 4; lastKnownFileType = sourcecode.swift; path = AudioPlayer.swift; sourceTree = "<group>"; };
		AAFF581D1CB6550600E8DDF7 /* bg.mp3 */ = {isa = PBXFileReference; lastKnownFileType = audio.mp3; path = bg.mp3; sourceTree = "<group>"; };
		AAFF581E1CB6550600E8DDF7 /* explosion1.mp3 */ = {isa = PBXFileReference; lastKnownFileType = audio.mp3; path = explosion1.mp3; sourceTree = "<group>"; };
		AAFF581F1CB6550600E8DDF7 /* shocker.mp3 */ = {isa = PBXFileReference; lastKnownFileType = audio.mp3; path = shocker.mp3; sourceTree = "<group>"; };
		AAFF58231CB6626C00E8DDF7 /* RenderWindow.swift */ = {isa = PBXFileReference; fileEncoding = 4; lastKnownFileType = sourcecode.swift; path = RenderWindow.swift; sourceTree = "<group>"; };
/* End PBXFileReference section */

/* Begin PBXFrameworksBuildPhase section */
		AAB5EF6E1CAFA571006252A9 /* Frameworks */ = {
			isa = PBXFrameworksBuildPhase;
			buildActionMask = 2147483647;
			files = (
			);
			runOnlyForDeploymentPostprocessing = 0;
		};
/* End PBXFrameworksBuildPhase section */

/* Begin PBXGroup section */
		AAB5EF681CAFA571006252A9 = {
			isa = PBXGroup;
			children = (
				AAB5EF731CAFA571006252A9 /* SoftRenderer */,
				AAB5EF721CAFA571006252A9 /* Products */,
			);
			sourceTree = "<group>";
		};
		AAB5EF721CAFA571006252A9 /* Products */ = {
			isa = PBXGroup;
			children = (
				AAB5EF711CAFA571006252A9 /* SoftRenderer.app */,
			);
			name = Products;
			sourceTree = "<group>";
		};
		AAB5EF731CAFA571006252A9 /* SoftRenderer */ = {
			isa = PBXGroup;
			children = (
				AAB5EF741CAFA571006252A9 /* AppDelegate.swift */,
				AAB5EF7A1CAFA571006252A9 /* Assets.xcassets */,
				AAFF58171CB64BBC00E8DDF7 /* AudioPlayer.swift */,
				AAFF581D1CB6550600E8DDF7 /* bg.mp3 */,
				AAFF581E1CB6550600E8DDF7 /* explosion1.mp3 */,
				AAD03E871CB3F5AB006F5D2E /* GameView.swift */,
				AAB5EF761CAFA571006252A9 /* GameViewController.swift */,
				AAB5EF7F1CAFA571006252A9 /* Info.plist */,
				AAB5EF7C1CAFA571006252A9 /* MainMenu.xib */,
				AA8FCEC51CB3B2F500691710 /* MetalTexture.swift */,
				AAFF58231CB6626C00E8DDF7 /* RenderWindow.swift */,
				AAB5EF781CAFA571006252A9 /* Shaders.metal */,
				AAFF581F1CB6550600E8DDF7 /* shocker.mp3 */,
				AAB5EF851CAFAD77006252A9 /* SoftRenderer.swift */,
				AAB5EF8B1CB02AA6006252A9 /* Utils.swift */,
				AAB5EF891CAFAE3B006252A9 /* Vertex.swift */,
				AA8FCEC71CB3B3DB00691710 /* wall.jpg */,
			);
			path = SoftRenderer;
			sourceTree = "<group>";
		};
/* End PBXGroup section */

/* Begin PBXNativeTarget section */
		AAB5EF701CAFA571006252A9 /* SoftRenderer */ = {
			isa = PBXNativeTarget;
			buildConfigurationList = AAB5EF821CAFA571006252A9 /* Build configuration list for PBXNativeTarget "SoftRenderer" */;
			buildPhases = (
				AAB5EF6D1CAFA571006252A9 /* Sources */,
				AAB5EF6E1CAFA571006252A9 /* Frameworks */,
				AAB5EF6F1CAFA571006252A9 /* Resources */,
			);
			buildRules = (
			);
			dependencies = (
			);
			name = SoftRenderer;
			productName = SoftRenderer;
			productReference = AAB5EF711CAFA571006252A9 /* SoftRenderer.app */;
			productType = "com.apple.product-type.application";
		};
/* End PBXNativeTarget section */

/* Begin PBXProject section */
		AAB5EF691CAFA571006252A9 /* Project object */ = {
			isa = PBXProject;
			attributes = {
				LastSwiftUpdateCheck = 0730;
				LastUpgradeCheck = 0730;
				ORGANIZATIONNAME = Princerin;
				TargetAttributes = {
					AAB5EF701CAFA571006252A9 = {
						CreatedOnToolsVersion = 7.3;
					};
				};
			};
			buildConfigurationList = AAB5EF6C1CAFA571006252A9 /* Build configuration list for PBXProject "SoftRenderer" */;
			compatibilityVersion = "Xcode 3.2";
			developmentRegion = English;
			hasScannedForEncodings = 0;
			knownRegions = (
				en,
				Base,
			);
			mainGroup = AAB5EF681CAFA571006252A9;
			productRefGroup = AAB5EF721CAFA571006252A9 /* Products */;
			projectDirPath = "";
			projectRoot = "";
			targets = (
				AAB5EF701CAFA571006252A9 /* SoftRenderer */,
			);
		};
/* End PBXProject section */

/* Begin PBXResourcesBuildPhase section */
		AAB5EF6F1CAFA571006252A9 /* Resources */ = {
			isa = PBXResourcesBuildPhase;
			buildActionMask = 2147483647;
			files = (
				AAB5EF7B1CAFA571006252A9 /* Assets.xcassets in Resources */,
				AAFF58201CB6550600E8DDF7 /* bg.mp3 in Resources */,
				AA8FCEC81CB3B3DB00691710 /* wall.jpg in Resources */,
				AAB5EF7E1CAFA571006252A9 /* MainMenu.xib in Resources */,
				AAFF58221CB6550600E8DDF7 /* shocker.mp3 in Resources */,
				AAFF58211CB6550600E8DDF7 /* explosion1.mp3 in Resources */,
			);
			runOnlyForDeploymentPostprocessing = 0;
		};
/* End PBXResourcesBuildPhase section */

/* Begin PBXSourcesBuildPhase section */
		AAB5EF6D1CAFA571006252A9 /* Sources */ = {
			isa = PBXSourcesBuildPhase;
			buildActionMask = 2147483647;
			files = (
				AA8FCEC61CB3B2F500691710 /* MetalTexture.swift in Sources */,
				AAB5EF861CAFAD77006252A9 /* SoftRenderer.swift in Sources */,
				AAFF58181CB64BBC00E8DDF7 /* AudioPlayer.swift in Sources */,
				AAB5EF791CAFA571006252A9 /* Shaders.metal in Sources */,
				AAB5EF771CAFA571006252A9 /* GameViewController.swift in Sources */,
				AAB5EF751CAFA571006252A9 /* AppDelegate.swift in Sources */,
				AAB5EF8A1CAFAE3B006252A9 /* Vertex.swift in Sources */,
				AAD03E881CB3F5AB006F5D2E /* GameView.swift in Sources */,
				AAB5EF8C1CB02AA6006252A9 /* Utils.swift in Sources */,
				AAFF58241CB6626C00E8DDF7 /* RenderWindow.swift in Sources */,
			);
			runOnlyForDeploymentPostprocessing = 0;
		};
/* End PBXSourcesBuildPhase section */

/* Begin PBXVariantGroup section */
		AAB5EF7C1CAFA571006252A9 /* MainMenu.xib */ = {
			isa = PBXVariantGroup;
			children = (
				AAB5EF7D1CAFA571006252A9 /* Base */,
			);
			name = MainMenu.xib;
			sourceTree = "<group>";
		};
/* End PBXVariantGroup section */

/* Begin XCBuildConfiguration section */
		AAB5EF801CAFA571006252A9 /* Debug */ = {
			isa = XCBuildConfiguration;
			buildSettings = {
				ALWAYS_SEARCH_USER_PATHS = NO;
				CLANG_ANALYZER_NONNULL = YES;
				CLANG_CXX_LANGUAGE_STANDARD = "gnu++0x";
				CLANG_CXX_LIBRARY = "libc++";
				CLANG_ENABLE_MODULES = YES;
				CLANG_ENABLE_OBJC_ARC = YES;
				CLANG_WARN_BOOL_CONVERSION = YES;
				CLANG_WARN_CONSTANT_CONVERSION = YES;
				CLANG_WARN_DIRECT_OBJC_ISA_USAGE = YES_ERROR;
				CLANG_WARN_EMPTY_BODY = YES;
				CLANG_WARN_ENUM_CONVERSION = YES;
				CLANG_WARN_INT_CONVERSION = YES;
				CLANG_WARN_OBJC_ROOT_CLASS = YES_ERROR;
				CLANG_WARN_UNREACHABLE_CODE = YES;
				CLANG_WARN__DUPLICATE_METHOD_MATCH = YES;
				CODE_SIGN_IDENTITY = "-";
				COPY_PHASE_STRIP = NO;
				DEBUG_INFORMATION_FORMAT = "dwarf-with-dsym";
				ENABLE_STRICT_OBJC_MSGSEND = YES;
				ENABLE_TESTABILITY = YES;
				GCC_C_LANGUAGE_STANDARD = gnu99;
				GCC_DYNAMIC_NO_PIC = NO;
				GCC_NO_COMMON_BLOCKS = YES;
				GCC_OPTIMIZATION_LEVEL = 0;
				GCC_PREPROCESSOR_DEFINITIONS = (
					"DEBUG=1",
					"$(inherited)",
				);
				GCC_WARN_64_TO_32_BIT_CONVERSION = YES;
				GCC_WARN_ABOUT_RETURN_TYPE = YES_ERROR;
				GCC_WARN_UNDECLARED_SELECTOR = YES;
				GCC_WARN_UNINITIALIZED_AUTOS = YES_AGGRESSIVE;
				GCC_WARN_UNUSED_FUNCTION = YES;
				GCC_WARN_UNUSED_VARIABLE = YES;
				MACOSX_DEPLOYMENT_TARGET = 10.11;
				MTL_ENABLE_DEBUG_INFO = YES;
				ONLY_ACTIVE_ARCH = YES;
				SDKROOT = macosx;
				SWIFT_OPTIMIZATION_LEVEL = "-Onone";
			};
			name = Debug;
		};
		AAB5EF811CAFA571006252A9 /* Release */ = {
			isa = XCBuildConfiguration;
			buildSettings = {
				ALWAYS_SEARCH_USER_PATHS = NO;
				CLANG_ANALYZER_NONNULL = YES;
				CLANG_CXX_LANGUAGE_STANDARD = "gnu++0x";
				CLANG_CXX_LIBRARY = "libc++";
				CLANG_ENABLE_MODULES = YES;
				CLANG_ENABLE_OBJC_ARC = YES;
				CLANG_WARN_BOOL_CONVERSION = YES;
				CLANG_WARN_CONSTANT_CONVERSION = YES;
				CLANG_WARN_DIRECT_OBJC_ISA_USAGE = YES_ERROR;
				CLANG_WARN_EMPTY_BODY = YES;
				CLANG_WARN_ENUM_CONVERSION = YES;
				CLANG_WARN_INT_CONVERSION = YES;
				CLANG_WARN_OBJC_ROOT_CLASS = YES_ERROR;
				CLANG_WARN_UNREACHABLE_CODE = YES;
				CLANG_WARN__DUPLICATE_METHOD_MATCH = YES;
				CODE_SIGN_IDENTITY = "-";
				COPY_PHASE_STRIP = NO;
				DEBUG_INFORMATION_FORMAT = "dwarf-with-dsym";
				ENABLE_NS_ASSERTIONS = NO;
				ENABLE_STRICT_OBJC_MSGSEND = YES;
				GCC_C_LANGUAGE_STANDARD = gnu99;
				GCC_NO_COMMON_BLOCKS = YES;
				GCC_WARN_64_TO_32_BIT_CONVERSION = YES;
				GCC_WARN_ABOUT_RETURN_TYPE = YES_ERROR;
				GCC_WARN_UNDECLARED_SELECTOR = YES;
				GCC_WARN_UNINITIALIZED_AUTOS = YES_AGGRESSIVE;
				GCC_WARN_UNUSED_FUNCTION = YES;
				GCC_WARN_UNUSED_VARIABLE = YES;
				MACOSX_DEPLOYMENT_TARGET = 10.11;
				MTL_ENABLE_DEBUG_INFO = NO;
				SDKROOT = macosx;
			};
			name = Release;
		};
		AAB5EF831CAFA571006252A9 /* Debug */ = {
			isa = XCBuildConfiguration;
			buildSettings = {
				ASSETCATALOG_COMPILER_APPICON_NAME = AppIcon;
				COMBINE_HIDPI_IMAGES = YES;
				INFOPLIST_FILE = SoftRenderer/Info.plist;
				LD_RUNPATH_SEARCH_PATHS = "$(inherited) @executable_path/../Frameworks";
				PRODUCT_BUNDLE_IDENTIFIER = com.Princerin.SoftRenderer;
				PRODUCT_NAME = "$(TARGET_NAME)";
			};
			name = Debug;
		};
		AAB5EF841CAFA571006252A9 /* Release */ = {
			isa = XCBuildConfiguration;
			buildSettings = {
				ASSETCATALOG_COMPILER_APPICON_NAME = AppIcon;
				COMBINE_HIDPI_IMAGES = YES;
				INFOPLIST_FILE = SoftRenderer/Info.plist;
				LD_RUNPATH_SEARCH_PATHS = "$(inherited) @executable_path/../Frameworks";
				PRODUCT_BUNDLE_IDENTIFIER = com.Princerin.SoftRenderer;
				PRODUCT_NAME = "$(TARGET_NAME)";
			};
			name = Release;
		};
/* End XCBuildConfiguration section */

/* Begin XCConfigurationList section */
		AAB5EF6C1CAFA571006252A9 /* Build configuration list for PBXProject "SoftRenderer" */ = {
			isa = XCConfigurationList;
			buildConfigurations = (
				AAB5EF801CAFA571006252A9 /* Debug */,
				AAB5EF811CAFA571006252A9 /* Release */,
			);
			defaultConfigurationIsVisible = 0;
			defaultConfigurationName = Release;
		};
		AAB5EF821CAFA571006252A9 /* Build configuration list for PBXNativeTarget "SoftRenderer" */ = {
			isa = XCConfigurationList;
			buildConfigurations = (
				AAB5EF831CAFA571006252A9 /* Debug */,
				AAB5EF841CAFA571006252A9 /* Release */,
			);
			defaultConfigurationIsVisible = 0;
			defaultConfigurationName = Release;
		};
/* End XCConfigurationList section */
	};
	rootObject = AAB5EF691CAFA571006252A9 /* Project object */;
}
